# THIS IS AN AUTOGENERATED FILE. DO NOT EDIT THIS FILE DIRECTLY.
# yarn lockfile v1


"@actions/core@^1.2.6", "@actions/core@^1.6.0":
  version "1.6.0"
  resolved "https://registry.npmmirror.com/@actions/core/download/@actions/core-1.6.0.tgz"
  integrity sha1-BWjkcDm/tqkXA5OnPzt+s7IkYss=
  dependencies:
    "@actions/http-client" "^1.0.11"

"@actions/exec@^1.0.0", "@actions/exec@^1.1.0":
  version "1.1.0"
  resolved "https://registry.nlark.com/@actions/exec/download/@actions/exec-1.1.0.tgz"
  integrity sha1-U0Qdlo5W0v7GmtPxV3PU2U4BFiw=
  dependencies:
    "@actions/io" "^1.0.1"

"@actions/http-client@^1.0.11", "@actions/http-client@^1.0.8":
  version "1.0.11"
  resolved "https://registry.npm.taobao.org/@actions/http-client/download/@actions/http-client-1.0.11.tgz"
  integrity sha1-xYsS6aqLFZ7jnn3Wy9DpHZBWM8A=
  dependencies:
    tunnel "0.0.6"

"@actions/io@^1.0.1", "@actions/io@^1.1.1":
  version "1.1.1"
  resolved "https://registry.nlark.com/@actions/io/download/@actions/io-1.1.1.tgz"
  integrity sha1-ShV0BjCeISqyftOuMOjB1kFoamY=

"@actions/tool-cache@^1.7.1":
  version "1.7.1"
  resolved "https://registry.npmmirror.com/@actions/tool-cache/download/@actions/tool-cache-1.7.1.tgz"
  integrity sha1-+fT4Istjnab6zfPiLqVxNhqyb5I=
  dependencies:
    "@actions/core" "^1.2.6"
    "@actions/exec" "^1.0.0"
    "@actions/http-client" "^1.0.8"
    "@actions/io" "^1.1.1"
    semver "^6.1.0"
    uuid "^3.3.2"

"@octokit/webhooks-types@^4.14.0":
  version "4.14.0"
  resolved "https://registry.npmmirror.com/@octokit/webhooks-types/download/@octokit/webhooks-types-4.14.0.tgz"
  integrity sha512-7VM/4VA/+/gg93FxqgYbUVzk2Srr4kozqYOOZALWiHKewm3s8uJ36dMXCEAVyzYtKWqZMIQqY1riajeZ+71rwA==

"@types/js-yaml@^4.0.4":
  version "4.0.4"
  resolved "https://registry.npmmirror.com/@types/js-yaml/download/@types/js-yaml-4.0.4.tgz#cc38781257612581a1a0eb25f1709d2b06812fce"
  integrity sha1-zDh4EldhJYGhoOsl8XCdKwaBL84=

"@types/node@^16.11.7":
  version "16.11.7"
  resolved "https://registry.npmmirror.com/@types/node/download/@types/node-16.11.7.tgz?cache=0&sync_timestamp=1636407250305&other_urls=https%3A%2F%2Fregistry.npmmirror.com%2F%40types%2Fnode%2Fdownload%2F%40types%2Fnode-16.11.7.tgz"
  integrity sha512-QB5D2sqfSjCmTuWcBWyJ+/44bcjO7VbjSbOE0ucoVbAsSNQc4Lt6QkgkVXkTDwkL4z/beecZNDvVX15D4P8Jbw==

"@vercel/ncc@^0.31.1":
  version "0.31.1"
  resolved "https://registry.nlark.com/@vercel/ncc/download/@vercel/ncc-0.31.1.tgz#9346c7e59326f5eeac75c0286e47df94c2d6d8f7"
  integrity sha1-k0bH5ZMm9e6sdcAobkfflMLW2Pc=

argparse@^2.0.1:
  version "2.0.1"
  resolved "https://registry.nlark.com/argparse/download/argparse-2.0.1.tgz#246f50f3ca78a3240f6c997e8a9bd1eac49e4b38"
  integrity sha1-JG9Q88p4oyQPbJl+ipvR6sSeSzg=

js-yaml@^4.1.0:
  version "4.1.0"
  resolved "https://registry.npm.taobao.org/js-yaml/download/js-yaml-4.1.0.tgz#c1fb65f8f5017901cdd2c951864ba18458a10602"
  integrity sha1-wftl+PUBeQHN0slRhkuhhFihBgI=
  dependencies:
    argparse "^2.0.1"

prettier@^2.4.1:
  version "2.4.1"
  resolved "https://registry.nlark.com/prettier/download/prettier-2.4.1.tgz?cache=0&sync_timestamp=1631777167012&other_urls=https%3A%2F%2Fregistry.nlark.com%2Fprettier%2Fdownload%2Fprettier-2.4.1.tgz#671e11c89c14a4cfc876ce564106c4a6726c9f5c"
  integrity sha1-Zx4RyJwUpM/Ids5WQQbEpnJsn1w=

semver@^6.1.0:
  version "6.3.0"
  resolved "https://registry.npm.taobao.org/semver/download/semver-6.3.0.tgz"
  integrity sha1-7gpkyK9ejO6mdoexM3YeG+y9HT0=

tunnel@0.0.6:
  version "0.0.6"
  resolved "https://registry.nlark.com/tunnel/download/tunnel-0.0.6.tgz"
  integrity sha1-cvExSzSlsZLbASMk3yzFh8pH+Sw=

typescript@^4.4.4:
  version "4.4.4"
  resolved "https://registry.npmmirror.com/typescript/download/typescript-4.4.4.tgz?cache=0&sync_timestamp=1636615205208&other_urls=https%3A%2F%2Fregistry.npmmirror.com%2Ftypescript%2Fdownload%2Ftypescript-4.4.4.tgz#2cd01a1a1f160704d3101fd5a58ff0f9fcb8030c"
  integrity sha1-LNAaGh8WBwTTEB/VpY/w+fy4Aww=

uuid@^3.3.2:
  version "3.4.0"
  resolved "https://registry.npmmirror.com/uuid/download/uuid-3.4.0.tgz"
  integrity sha1-sj5DWK+oogL+ehAK8fX4g/AgB+4=
